
Microsoft Visual Studio Solution File, Format Version 12.00
# Visual Studio Version 17
VisualStudioVersion = 17.13.35806.99 d17.13
MinimumVisualStudioVersion = 10.0.40219.1
Project("{FAE04EC0-301F-11D3-BF4B-00C04F79EFBC}") = "Clinical_project", "Clinical_project.csproj", "{AA1967F7-5003-42FA-BB03-5ECB92BACEA2}"
EndProject
Global
	GlobalSection(SolutionConfigurationPlatforms) = preSolution
		Debug|Any CPU = Debug|Any CPU
		Release|Any CPU = Release|Any CPU
	EndGlobalSection
	GlobalSection(ProjectConfigurationPlatforms) = postSolution
		{AA1967F7-5003-42FA-BB03-5ECB92BACEA2}.Debug|Any CPU.ActiveCfg = Debug|Any CPU
		{AA1967F7-5003-42FA-BB03-5ECB92BACEA2}.Debug|Any CPU.Build.0 = Debug|Any CPU
		{AA1967F7-5003-42FA-BB03-5ECB92BACEA2}.Release|Any CPU.ActiveCfg = Release|Any CPU
		{AA1967F7-5003-42FA-BB03-5ECB92BACEA2}.Release|Any CPU.Build.0 = Release|Any CPU
	EndGlobalSection
	GlobalSection(SolutionProperties) = preSolution
		HideSolutionNode = FALSE
	EndGlobalSection
	GlobalSection(ExtensibilityGlobals) = postSolution
		SolutionGuid = {EEC1A684-85BE-41DC-834F-AC4899EA0870}
	EndGlobalSection
EndGlobal
