
Microsoft Visual Studio Solution File, Format Version 12.00
# Visual Studio Version 17
VisualStudioVersion = 17.14.36414.22 d17.14
MinimumVisualStudioVersion = 10.0.40219.1
Project("{FAE04EC0-301F-11D3-BF4B-00C04F79EFBC}") = "PatientApi", "PatientApi.csproj", "{378DDE0A-7E00-EAAC-C2F8-ABADA24171F4}"
EndProject
Global
	GlobalSection(SolutionConfigurationPlatforms) = preSolution
		Debug|Any CPU = Debug|Any CPU
		Release|Any CPU = Release|Any CPU
	EndGlobalSection
	GlobalSection(ProjectConfigurationPlatforms) = postSolution
		{378DDE0A-7E00-EAAC-C2F8-ABADA24171F4}.Debug|Any CPU.ActiveCfg = Debug|Any CPU
		{378DDE0A-7E00-EAAC-C2F8-ABADA24171F4}.Debug|Any CPU.Build.0 = Debug|Any CPU
		{378DDE0A-7E00-EAAC-C2F8-ABADA24171F4}.Release|Any CPU.ActiveCfg = Release|Any CPU
		{378DDE0A-7E00-EAAC-C2F8-ABADA24171F4}.Release|Any CPU.Build.0 = Release|Any CPU
	EndGlobalSection
	GlobalSection(SolutionProperties) = preSolution
		HideSolutionNode = FALSE
	EndGlobalSection
	GlobalSection(ExtensibilityGlobals) = postSolution
		SolutionGuid = {CF5D3296-2846-4450-8A9F-C2ADC155B333}
	EndGlobalSection
EndGlobal
